// !$*UTF8*$!
{
	archiveVersion = 1;
	classes = {
	};
	objectVersion = 56;
	objects = {

/* Begin PBXContainerItemProxy section */
		50DEE6872D6B6A9400A7A964 /* PBXContainerItemProxy */ = {
			isa = PBXContainerItemProxy;
			containerPortal = 50DEE66E2D6B6A9200A7A964 /* Project object */;
			proxyType = 1;
			remoteGlobalIDString = 50DEE6752D6B6A9300A7A964;
			remoteInfo = "IOS-Campus-App";
		};
		50DEE6912D6B6A9400A7A964 /* PBXContainerItemProxy */ = {
			isa = PBXContainerItemProxy;
			containerPortal = 50DEE66E2D6B6A9200A7A964 /* Project object */;
			proxyType = 1;
			remoteGlobalIDString = 50DEE6752D6B6A9300A7A964;
			remoteInfo = "IOS-Campus-App";
		};
/* End PBXContainerItemProxy section */

/* Begin PBXFileReference section */
		50DEE6762D6B6A9300A7A964 /* IOS-Campus-App.app */ = {isa = PBXFileReference; explicitFileType = wrapper.application; includeInIndex = 0; path = "IOS-Campus-App.app"; sourceTree = BUILT_PRODUCTS_DIR; };
		50DEE6862D6B6A9400A7A964 /* IOS-Campus-AppTests.xctest */ = {isa = PBXFileReference; explicitFileType = wrapper.cfbundle; includeInIndex = 0; path = "IOS-Campus-AppTests.xctest"; sourceTree = BUILT_PRODUCTS_DIR; };
		50DEE6902D6B6A9400A7A964 /* IOS-Campus-AppUITests.xctest */ = {isa = PBXFileReference; explicitFileType = wrapper.cfbundle; includeInIndex = 0; path = "IOS-Campus-AppUITests.xctest"; sourceTree = BUILT_PRODUCTS_DIR; };
/* End PBXFileReference section */

/* Begin PBXFileSystemSynchronizedRootGroup section */
		50DEE6782D6B6A9300A7A964 /* IOS-Campus-App */ = {
			isa = PBXFileSystemSynchronizedRootGroup;
			path = "IOS-Campus-App";
			sourceTree = "<group>";
		};
		50DEE6892D6B6A9400A7A964 /* IOS-Campus-AppTests */ = {
			isa = PBXFileSystemSynchronizedRootGroup;
			path = "IOS-Campus-AppTests";
			sourceTree = "<group>";
		};
		50DEE6932D6B6A9400A7A964 /* IOS-Campus-AppUITests */ = {
			isa = PBXFileSystemSynchronizedRootGroup;
			path = "IOS-Campus-AppUITests";
			sourceTree = "<group>";
		};
/* End PBXFileSystemSynchronizedRootGroup section */

/* Begin PBXFrameworksBuildPhase section */
		50DEE6732D6B6A9300A7A964 /* Frameworks */ = {
			isa = PBXFrameworksBuildPhase;
			buildActionMask = 2147483647;
			files = (
			);
			runOnlyForDeploymentPostprocessing = 0;
		};
		50DEE6832D6B6A9400A7A964 /* Frameworks */ = {
			isa = PBXFrameworksBuildPhase;
			buildActionMask = 2147483647;
			files = (
			);
			runOnlyForDeploymentPostprocessing = 0;
		};
		50DEE68D2D6B6A9400A7A964 /* Frameworks */ = {
			isa = PBXFrameworksBuildPhase;
			buildActionMask = 2147483647;
			files = (
			);
			runOnlyForDeploymentPostprocessing = 0;
		};
/* End PBXFrameworksBuildPhase section */

/* Begin PBXGroup section */
		50DEE66D2D6B6A9200A7A964 = {
			isa = PBXGroup;
			children = (
				50DEE6782D6B6A9300A7A964 /* IOS-Campus-App */,
				50DEE6892D6B6A9400A7A964 /* IOS-Campus-AppTests */,
				50DEE6932D6B6A9400A7A964 /* IOS-Campus-AppUITests */,
				50DEE6772D6B6A9300A7A964 /* Products */,
			);
			sourceTree = "<group>";
		};
		50DEE6772D6B6A9300A7A964 /* Products */ = {
			isa = PBXGroup;
			children = (
				50DEE6762D6B6A9300A7A964 /* IOS-Campus-App.app */,
				50DEE6862D6B6A9400A7A964 /* IOS-Campus-AppTests.xctest */,
				50DEE6902D6B6A9400A7A964 /* IOS-Campus-AppUITests.xctest */,
			);
			name = Products;
			sourceTree = "<group>";
		};
/* End PBXGroup section */

/* Begin PBXNativeTarget section */
		50DEE6752D6B6A9300A7A964 /* IOS-Campus-App */ = {
			isa = PBXNativeTarget;
			buildConfigurationList = 50DEE69A2D6B6A9400A7A964 /* Build configuration list for PBXNativeTarget "IOS-Campus-App" */;
			buildPhases = (
				50DEE6722D6B6A9300A7A964 /* Sources */,
				50DEE6732D6B6A9300A7A964 /* Frameworks */,
				50DEE6742D6B6A9300A7A964 /* Resources */,
			);
			buildRules = (
			);
			dependencies = (
			);
			fileSystemSynchronizedGroups = (
				50DEE6782D6B6A9300A7A964 /* IOS-Campus-App */,
			);
			name = "IOS-Campus-App";
			packageProductDependencies = (
			);
			productName = "IOS-Campus-App";
			productReference = 50DEE6762D6B6A9300A7A964 /* IOS-Campus-App.app */;
			productType = "com.apple.product-type.application";
		};
		50DEE6852D6B6A9400A7A964 /* IOS-Campus-AppTests */ = {
			isa = PBXNativeTarget;
			buildConfigurationList = 50DEE69D2D6B6A9400A7A964 /* Build configuration list for PBXNativeTarget "IOS-Campus-AppTests" */;
			buildPhases = (
				50DEE6822D6B6A9400A7A964 /* Sources */,
				50DEE6832D6B6A9400A7A964 /* Frameworks */,
				50DEE6842D6B6A9400A7A964 /* Resources */,
			);
			buildRules = (
			);
			dependencies = (
				50DEE6882D6B6A9400A7A964 /* PBXTargetDependency */,
			);
			fileSystemSynchronizedGroups = (
				50DEE6892D6B6A9400A7A964 /* IOS-Campus-AppTests */,
			);
			name = "IOS-Campus-AppTests";
			packageProductDependencies = (
			);
			productName = "IOS-Campus-AppTests";
			productReference = 50DEE6862D6B6A9400A7A964 /* IOS-Campus-AppTests.xctest */;
			productType = "com.apple.product-type.bundle.unit-test";
		};
		50DEE68F2D6B6A9400A7A964 /* IOS-Campus-AppUITests */ = {
			isa = PBXNativeTarget;
			buildConfigurationList = 50DEE6A02D6B6A9400A7A964 /* Build configuration list for PBXNativeTarget "IOS-Campus-AppUITests" */;
			buildPhases = (
				50DEE68C2D6B6A9400A7A964 /* Sources */,
				50DEE68D2D6B6A9400A7A964 /* Frameworks */,
				50DEE68E2D6B6A9400A7A964 /* Resources */,
			);
			buildRules = (
			);
			dependencies = (
				50DEE6922D6B6A9400A7A964 /* PBXTargetDependency */,
			);
			fileSystemSynchronizedGroups = (
				50DEE6932D6B6A9400A7A964 /* IOS-Campus-AppUITests */,
			);
			name = "IOS-Campus-AppUITests";
			packageProductDependencies = (
			);
			productName = "IOS-Campus-AppUITests";
			productReference = 50DEE6902D6B6A9400A7A964 /* IOS-Campus-AppUITests.xctest */;
			productType = "com.apple.product-type.bundle.ui-testing";
		};
/* End PBXNativeTarget section */

/* Begin PBXProject section */
		50DEE66E2D6B6A9200A7A964 /* Project object */ = {
			isa = PBXProject;
			attributes = {
				BuildIndependentTargetsInParallel = 1;
				LastSwiftUpdateCheck = 1620;
				LastUpgradeCheck = 1620;
				TargetAttributes = {
					50DEE6752D6B6A9300A7A964 = {
						CreatedOnToolsVersion = 16.2;
					};
					50DEE6852D6B6A9400A7A964 = {
						CreatedOnToolsVersion = 16.2;
						TestTargetID = 50DEE6752D6B6A9300A7A964;
					};
					50DEE68F2D6B6A9400A7A964 = {
						CreatedOnToolsVersion = 16.2;
						TestTargetID = 50DEE6752D6B6A9300A7A964;
					};
				};
			};
			buildConfigurationList = 50DEE6712D6B6A9200A7A964 /* Build configuration list for PBXProject "IOS-Campus-App" */;
			developmentRegion = en;
			hasScannedForEncodings = 0;
			knownRegions = (
				en,
				Base,
			);
			mainGroup = 50DEE66D2D6B6A9200A7A964;
			minimizedProjectReferenceProxies = 1;
			preferredProjectObjectVersion = 77;
			productRefGroup = 50DEE6772D6B6A9300A7A964 /* Products */;
			projectDirPath = "";
			projectRoot = "";
			targets = (
				50DEE6752D6B6A9300A7A964 /* IOS-Campus-App */,
				50DEE6852D6B6A9400A7A964 /* IOS-Campus-AppTests */,
				50DEE68F2D6B6A9400A7A964 /* IOS-Campus-AppUITests */,
			);
		};
/* End PBXProject section */

/* Begin PBXResourcesBuildPhase section */
		50DEE6742D6B6A9300A7A964 /* Resources */ = {
			isa = PBXResourcesBuildPhase;
			buildActionMask = 2147483647;
			files = (
			);
			runOnlyForDeploymentPostprocessing = 0;
		};
		50DEE6842D6B6A9400A7A964 /* Resources */ = {
			isa = PBXResourcesBuildPhase;
			buildActionMask = 2147483647;
			files = (
			);
			runOnlyForDeploymentPostprocessing = 0;
		};
		50DEE68E2D6B6A9400A7A964 /* Resources */ = {
			isa = PBXResourcesBuildPhase;
			buildActionMask = 2147483647;
			files = (
			);
			runOnlyForDeploymentPostprocessing = 0;
		};
/* End PBXResourcesBuildPhase section */

/* Begin PBXSourcesBuildPhase section */
		50DEE6722D6B6A9300A7A964 /* Sources */ = {
			isa = PBXSourcesBuildPhase;
			buildActionMask = 2147483647;
			files = (
			);
			runOnlyForDeploymentPostprocessing = 0;
		};
		50DEE6822D6B6A9400A7A964 /* Sources */ = {
			isa = PBXSourcesBuildPhase;
			buildActionMask = 2147483647;
			files = (
			);
			runOnlyForDeploymentPostprocessing = 0;
		};
		50DEE68C2D6B6A9400A7A964 /* Sources */ = {
			isa = PBXSourcesBuildPhase;
			buildActionMask = 2147483647;
			files = (
			);
			runOnlyForDeploymentPostprocessing = 0;
		};
/* End PBXSourcesBuildPhase section */

/* Begin PBXTargetDependency section */
		50DEE6882D6B6A9400A7A964 /* PBXTargetDependency */ = {
			isa = PBXTargetDependency;
			target = 50DEE6752D6B6A9300A7A964 /* IOS-Campus-App */;
			targetProxy = 50DEE6872D6B6A9400A7A964 /* PBXContainerItemProxy */;
		};
		50DEE6922D6B6A9400A7A964 /* PBXTargetDependency */ = {
			isa = PBXTargetDependency;
			target = 50DEE6752D6B6A9300A7A964 /* IOS-Campus-App */;
			targetProxy = 50DEE6912D6B6A9400A7A964 /* PBXContainerItemProxy */;
		};
/* End PBXTargetDependency section */

/* Begin XCBuildConfiguration section */
		50DEE6982D6B6A9400A7A964 /* Debug */ = {
			isa = XCBuildConfiguration;
			buildSettings = {
				ALWAYS_SEARCH_USER_PATHS = NO;
				ASSETCATALOG_COMPILER_GENERATE_SWIFT_ASSET_SYMBOL_EXTENSIONS = YES;
				CLANG_ANALYZER_NONNULL = YES;
				CLANG_ANALYZER_NUMBER_OBJECT_CONVERSION = YES_AGGRESSIVE;
				CLANG_CXX_LANGUAGE_STANDARD = "gnu++20";
				CLANG_ENABLE_MODULES = YES;
				CLANG_ENABLE_OBJC_ARC = YES;
				CLANG_ENABLE_OBJC_WEAK = YES;
				CLANG_WARN_BLOCK_CAPTURE_AUTORELEASING = YES;
				CLANG_WARN_BOOL_CONVERSION = YES;
				CLANG_WARN_COMMA = YES;
				CLANG_WARN_CONSTANT_CONVERSION = YES;
				CLANG_WARN_DEPRECATED_OBJC_IMPLEMENTATIONS = YES;
				CLANG_WARN_DIRECT_OBJC_ISA_USAGE = YES_ERROR;
				CLANG_WARN_DOCUMENTATION_COMMENTS = YES;
				CLANG_WARN_EMPTY_BODY = YES;
				CLANG_WARN_ENUM_CONVERSION = YES;
				CLANG_WARN_INFINITE_RECURSION = YES;
				CLANG_WARN_INT_CONVERSION = YES;
				CLANG_WARN_NON_LITERAL_NULL_CONVERSION = YES;
				CLANG_WARN_OBJC_IMPLICIT_RETAIN_SELF = YES;
				CLANG_WARN_OBJC_LITERAL_CONVERSION = YES;
				CLANG_WARN_OBJC_ROOT_CLASS = YES_ERROR;
				CLANG_WARN_QUOTED_INCLUDE_IN_FRAMEWORK_HEADER = YES;
				CLANG_WARN_RANGE_LOOP_ANALYSIS = YES;
				CLANG_WARN_STRICT_PROTOTYPES = YES;
				CLANG_WARN_SUSPICIOUS_MOVE = YES;
				CLANG_WARN_UNGUARDED_AVAILABILITY = YES_AGGRESSIVE;
				CLANG_WARN_UNREACHABLE_CODE = YES;
				CLANG_WARN__DUPLICATE_METHOD_MATCH = YES;
				COPY_PHASE_STRIP = NO;
				DEBUG_INFORMATION_FORMAT = dwarf;
				ENABLE_STRICT_OBJC_MSGSEND = YES;
				ENABLE_TESTABILITY = YES;
				ENABLE_USER_SCRIPT_SANDBOXING = YES;
				GCC_C_LANGUAGE_STANDARD = gnu17;
				GCC_DYNAMIC_NO_PIC = NO;
				GCC_NO_COMMON_BLOCKS = YES;
				GCC_OPTIMIZATION_LEVEL = 0;
				GCC_PREPROCESSOR_DEFINITIONS = (
					"DEBUG=1",
					"$(inherited)",
				);
				GCC_WARN_64_TO_32_BIT_CONVERSION = YES;
				GCC_WARN_ABOUT_RETURN_TYPE = YES_ERROR;
				GCC_WARN_UNDECLARED_SELECTOR = YES;
				GCC_WARN_UNINITIALIZED_AUTOS = YES_AGGRESSIVE;
				GCC_WARN_UNUSED_FUNCTION = YES;
				GCC_WARN_UNUSED_VARIABLE = YES;
				IPHONEOS_DEPLOYMENT_TARGET = 18.2;
				LOCALIZATION_PREFERS_STRING_CATALOGS = YES;
				MTL_ENABLE_DEBUG_INFO = INCLUDE_SOURCE;
				MTL_FAST_MATH = YES;
				ONLY_ACTIVE_ARCH = YES;
				SDKROOT = iphoneos;
				SWIFT_ACTIVE_COMPILATION_CONDITIONS = "DEBUG $(inherited)";
				SWIFT_OPTIMIZATION_LEVEL = "-Onone";
			};
			name = Debug;
		};
		50DEE6992D6B6A9400A7A964 /* Release */ = {
			isa = XCBuildConfiguration;
			buildSettings = {
				ALWAYS_SEARCH_USER_PATHS = NO;
				ASSETCATALOG_COMPILER_GENERATE_SWIFT_ASSET_SYMBOL_EXTENSIONS = YES;
				CLANG_ANALYZER_NONNULL = YES;
				CLANG_ANALYZER_NUMBER_OBJECT_CONVERSION = YES_AGGRESSIVE;
				CLANG_CXX_LANGUAGE_STANDARD = "gnu++20";
				CLANG_ENABLE_MODULES = YES;
				CLANG_ENABLE_OBJC_ARC = YES;
				CLANG_ENABLE_OBJC_WEAK = YES;
				CLANG_WARN_BLOCK_CAPTURE_AUTORELEASING = YES;
				CLANG_WARN_BOOL_CONVERSION = YES;
				CLANG_WARN_COMMA = YES;
				CLANG_WARN_CONSTANT_CONVERSION = YES;
				CLANG_WARN_DEPRECATED_OBJC_IMPLEMENTATIONS = YES;
				CLANG_WARN_DIRECT_OBJC_ISA_USAGE = YES_ERROR;
				CLANG_WARN_DOCUMENTATION_COMMENTS = YES;
				CLANG_WARN_EMPTY_BODY = YES;
				CLANG_WARN_ENUM_CONVERSION = YES;
				CLANG_WARN_INFINITE_RECURSION = YES;
				CLANG_WARN_INT_CONVERSION = YES;
				CLANG_WARN_NON_LITERAL_NULL_CONVERSION = YES;
				CLANG_WARN_OBJC_IMPLICIT_RETAIN_SELF = YES;
				CLANG_WARN_OBJC_LITERAL_CONVERSION = YES;
				CLANG_WARN_OBJC_ROOT_CLASS = YES_ERROR;
				CLANG_WARN_QUOTED_INCLUDE_IN_FRAMEWORK_HEADER = YES;
				CLANG_WARN_RANGE_LOOP_ANALYSIS = YES;
				CLANG_WARN_STRICT_PROTOTYPES = YES;
				CLANG_WARN_SUSPICIOUS_MOVE = YES;
				CLANG_WARN_UNGUARDED_AVAILABILITY = YES_AGGRESSIVE;
				CLANG_WARN_UNREACHABLE_CODE = YES;
				CLANG_WARN__DUPLICATE_METHOD_MATCH = YES;
				COPY_PHASE_STRIP = NO;
				DEBUG_INFORMATION_FORMAT = "dwarf-with-dsym";
				ENABLE_NS_ASSERTIONS = NO;
				ENABLE_STRICT_OBJC_MSGSEND = YES;
				ENABLE_USER_SCRIPT_SANDBOXING = YES;
				GCC_C_LANGUAGE_STANDARD = gnu17;
				GCC_NO_COMMON_BLOCKS = YES;
				GCC_WARN_64_TO_32_BIT_CONVERSION = YES;
				GCC_WARN_ABOUT_RETURN_TYPE = YES_ERROR;
				GCC_WARN_UNDECLARED_SELECTOR = YES;
				GCC_WARN_UNINITIALIZED_AUTOS = YES_AGGRESSIVE;
				GCC_WARN_UNUSED_FUNCTION = YES;
				GCC_WARN_UNUSED_VARIABLE = YES;
				IPHONEOS_DEPLOYMENT_TARGET = 18.2;
				LOCALIZATION_PREFERS_STRING_CATALOGS = YES;
				MTL_ENABLE_DEBUG_INFO = NO;
				MTL_FAST_MATH = YES;
				SDKROOT = iphoneos;
				SWIFT_COMPILATION_MODE = wholemodule;
				VALIDATE_PRODUCT = YES;
			};
			name = Release;
		};
		50DEE69B2D6B6A9400A7A964 /* Debug */ = {
			isa = XCBuildConfiguration;
			buildSettings = {
				ASSETCATALOG_COMPILER_APPICON_NAME = AppIcon;
				ASSETCATALOG_COMPILER_GLOBAL_ACCENT_COLOR_NAME = AccentColor;
				CODE_SIGN_STYLE = Automatic;
				CURRENT_PROJECT_VERSION = 1;
				DEVELOPMENT_ASSET_PATHS = "\"IOS-Campus-App/Preview Content\"";
				ENABLE_PREVIEWS = YES;
				GENERATE_INFOPLIST_FILE = YES;
				INFOPLIST_KEY_UIApplicationSceneManifest_Generation = YES;
				INFOPLIST_KEY_UIApplicationSupportsIndirectInputEvents = YES;
				INFOPLIST_KEY_UILaunchScreen_Generation = YES;
				INFOPLIST_KEY_UISupportedInterfaceOrientations_iPad = "UIInterfaceOrientationPortrait UIInterfaceOrientationPortraitUpsideDown UIInterfaceOrientationLandscapeLeft UIInterfaceOrientationLandscapeRight";
				INFOPLIST_KEY_UISupportedInterfaceOrientations_iPhone = "UIInterfaceOrientationPortrait UIInterfaceOrientationLandscapeLeft UIInterfaceOrientationLandscapeRight";
				LD_RUNPATH_SEARCH_PATHS = (
					"$(inherited)",
					"@executable_path/Frameworks",
				);
				MARKETING_VERSION = 1.0;
				PRODUCT_BUNDLE_IDENTIFIER = "SWS.IOS-Campus-App";
				PRODUCT_NAME = "$(TARGET_NAME)";
				SWIFT_EMIT_LOC_STRINGS = YES;
				SWIFT_VERSION = 5.0;
				TARGETED_DEVICE_FAMILY = "1,2";
			};
			name = Debug;
		};
		50DEE69C2D6B6A9400A7A964 /* Release */ = {
			isa = XCBuildConfiguration;
			buildSettings = {
				ASSETCATALOG_COMPILER_APPICON_NAME = AppIcon;
				ASSETCATALOG_COMPILER_GLOBAL_ACCENT_COLOR_NAME = AccentColor;
				CODE_SIGN_STYLE = Automatic;
				CURRENT_PROJECT_VERSION = 1;
				DEVELOPMENT_ASSET_PATHS = "\"IOS-Campus-App/Preview Content\"";
				ENABLE_PREVIEWS = YES;
				GENERATE_INFOPLIST_FILE = YES;
				INFOPLIST_KEY_UIApplicationSceneManifest_Generation = YES;
				INFOPLIST_KEY_UIApplicationSupportsIndirectInputEvents = YES;
				INFOPLIST_KEY_UILaunchScreen_Generation = YES;
				INFOPLIST_KEY_UISupportedInterfaceOrientations_iPad = "UIInterfaceOrientationPortrait UIInterfaceOrientationPortraitUpsideDown UIInterfaceOrientationLandscapeLeft UIInterfaceOrientationLandscapeRight";
				INFOPLIST_KEY_UISupportedInterfaceOrientations_iPhone = "UIInterfaceOrientationPortrait UIInterfaceOrientationLandscapeLeft UIInterfaceOrientationLandscapeRight";
				LD_RUNPATH_SEARCH_PATHS = (
					"$(inherited)",
					"@executable_path/Frameworks",
				);
				MARKETING_VERSION = 1.0;
				PRODUCT_BUNDLE_IDENTIFIER = "SWS.IOS-Campus-App";
				PRODUCT_NAME = "$(TARGET_NAME)";
				SWIFT_EMIT_LOC_STRINGS = YES;
				SWIFT_VERSION = 5.0;
				TARGETED_DEVICE_FAMILY = "1,2";
			};
			name = Release;
		};
		50DEE69E2D6B6A9400A7A964 /* Debug */ = {
			isa = XCBuildConfiguration;
			buildSettings = {
				BUNDLE_LOADER = "$(TEST_HOST)";
				CODE_SIGN_STYLE = Automatic;
				CURRENT_PROJECT_VERSION = 1;
				GENERATE_INFOPLIST_FILE = YES;
				IPHONEOS_DEPLOYMENT_TARGET = 18.2;
				MARKETING_VERSION = 1.0;
				PRODUCT_BUNDLE_IDENTIFIER = "SWS.IOS-Campus-AppTests";
				PRODUCT_NAME = "$(TARGET_NAME)";
				SWIFT_EMIT_LOC_STRINGS = NO;
				SWIFT_VERSION = 5.0;
				TARGETED_DEVICE_FAMILY = "1,2";
				TEST_HOST = "$(BUILT_PRODUCTS_DIR)/IOS-Campus-App.app/$(BUNDLE_EXECUTABLE_FOLDER_PATH)/IOS-Campus-App";
			};
			name = Debug;
		};
		50DEE69F2D6B6A9400A7A964 /* Release */ = {
			isa = XCBuildConfiguration;
			buildSettings = {
				BUNDLE_LOADER = "$(TEST_HOST)";
				CODE_SIGN_STYLE = Automatic;
				CURRENT_PROJECT_VERSION = 1;
				GENERATE_INFOPLIST_FILE = YES;
				IPHONEOS_DEPLOYMENT_TARGET = 18.2;
				MARKETING_VERSION = 1.0;
				PRODUCT_BUNDLE_IDENTIFIER = "SWS.IOS-Campus-AppTests";
				PRODUCT_NAME = "$(TARGET_NAME)";
				SWIFT_EMIT_LOC_STRINGS = NO;
				SWIFT_VERSION = 5.0;
				TARGETED_DEVICE_FAMILY = "1,2";
				TEST_HOST = "$(BUILT_PRODUCTS_DIR)/IOS-Campus-App.app/$(BUNDLE_EXECUTABLE_FOLDER_PATH)/IOS-Campus-App";
			};
			name = Release;
		};
		50DEE6A12D6B6A9400A7A964 /* Debug */ = {
			isa = XCBuildConfiguration;
			buildSettings = {
				CODE_SIGN_STYLE = Automatic;
				CURRENT_PROJECT_VERSION = 1;
				GENERATE_INFOPLIST_FILE = YES;
				MARKETING_VERSION = 1.0;
				PRODUCT_BUNDLE_IDENTIFIER = "SWS.IOS-Campus-AppUITests";
				PRODUCT_NAME = "$(TARGET_NAME)";
				SWIFT_EMIT_LOC_STRINGS = NO;
				SWIFT_VERSION = 5.0;
				TARGETED_DEVICE_FAMILY = "1,2";
				TEST_TARGET_NAME = "IOS-Campus-App";
			};
			name = Debug;
		};
		50DEE6A22D6B6A9400A7A964 /* Release */ = {
			isa = XCBuildConfiguration;
			buildSettings = {
				CODE_SIGN_STYLE = Automatic;
				CURRENT_PROJECT_VERSION = 1;
				GENERATE_INFOPLIST_FILE = YES;
				MARKETING_VERSION = 1.0;
				PRODUCT_BUNDLE_IDENTIFIER = "SWS.IOS-Campus-AppUITests";
				PRODUCT_NAME = "$(TARGET_NAME)";
				SWIFT_EMIT_LOC_STRINGS = NO;
				SWIFT_VERSION = 5.0;
				TARGETED_DEVICE_FAMILY = "1,2";
				TEST_TARGET_NAME = "IOS-Campus-App";
			};
			name = Release;
		};
/* End XCBuildConfiguration section */

/* Begin XCConfigurationList section */
		50DEE6712D6B6A9200A7A964 /* Build configuration list for PBXProject "IOS-Campus-App" */ = {
			isa = XCConfigurationList;
			buildConfigurations = (
				50DEE6982D6B6A9400A7A964 /* Debug */,
				50DEE6992D6B6A9400A7A964 /* Release */,
			);
			defaultConfigurationIsVisible = 0;
			defaultConfigurationName = Release;
		};
		50DEE69A2D6B6A9400A7A964 /* Build configuration list for PBXNativeTarget "IOS-Campus-App" */ = {
			isa = XCConfigurationList;
			buildConfigurations = (
				50DEE69B2D6B6A9400A7A964 /* Debug */,
				50DEE69C2D6B6A9400A7A964 /* Release */,
			);
			defaultConfigurationIsVisible = 0;
			defaultConfigurationName = Release;
		};
		50DEE69D2D6B6A9400A7A964 /* Build configuration list for PBXNativeTarget "IOS-Campus-AppTests" */ = {
			isa = XCConfigurationList;
			buildConfigurations = (
				50DEE69E2D6B6A9400A7A964 /* Debug */,
				50DEE69F2D6B6A9400A7A964 /* Release */,
			);
			defaultConfigurationIsVisible = 0;
			defaultConfigurationName = Release;
		};
		50DEE6A02D6B6A9400A7A964 /* Build configuration list for PBXNativeTarget "IOS-Campus-AppUITests" */ = {
			isa = XCConfigurationList;
			buildConfigurations = (
				50DEE6A12D6B6A9400A7A964 /* Debug */,
				50DEE6A22D6B6A9400A7A964 /* Release */,
			);
			defaultConfigurationIsVisible = 0;
			defaultConfigurationName = Release;
		};
/* End XCConfigurationList section */
	};
	rootObject = 50DEE66E2D6B6A9200A7A964 /* Project object */;
}
